
Microsoft Visual Studio Solution File, Format Version 12.00
# Visual Studio Version 17
VisualStudioVersion = 17.8.34330.188
MinimumVisualStudioVersion = 10.0.40219.1
Project("{FAE04EC0-301F-11D3-BF4B-00C04F79EFBC}") = "sistemaVentas.entity", "sistemaVentas.entity\sistemaVentas.entity.csproj", "{2E7AC0FC-2FFB-454A-B177-60D00EBDAD0D}"
EndProject
Project("{FAE04EC0-301F-11D3-BF4B-00C04F79EFBC}") = "sistemaVentas.datos", "sistemaVentas.datos\sistemaVentas.datos.csproj", "{73EA3006-3332-45BE-A564-2736AB89E950}"
EndProject
Project("{FAE04EC0-301F-11D3-BF4B-00C04F79EFBC}") = "sistemaVentas.negocios", "sistemaVentas.negocios\sistemaVentas.negocios.csproj", "{A87BEA35-8FB7-4AB5-8CD2-DBB5DAD2F357}"
EndProject
Project("{FAE04EC0-301F-11D3-BF4B-00C04F79EFBC}") = "sistemaVentas.control", "sistemaVentas.control\sistemaVentas.control.csproj", "{755BCA62-AF89-4CB1-B826-D13E1A297BA9}"
EndProject
Project("{FAE04EC0-301F-11D3-BF4B-00C04F79EFBC}") = "sistemaVenta.AplicacionWeb", "sistemaVenta.AplicacionWeb\sistemaVenta.AplicacionWeb.csproj", "{865C4832-39E2-468A-ADAB-912245A054D3}"
EndProject
Global
	GlobalSection(SolutionConfigurationPlatforms) = preSolution
		Debug|Any CPU = Debug|Any CPU
		Release|Any CPU = Release|Any CPU
	EndGlobalSection
	GlobalSection(ProjectConfigurationPlatforms) = postSolution
		{2E7AC0FC-2FFB-454A-B177-60D00EBDAD0D}.Debug|Any CPU.ActiveCfg = Debug|Any CPU
		{2E7AC0FC-2FFB-454A-B177-60D00EBDAD0D}.Debug|Any CPU.Build.0 = Debug|Any CPU
		{2E7AC0FC-2FFB-454A-B177-60D00EBDAD0D}.Release|Any CPU.ActiveCfg = Release|Any CPU
		{2E7AC0FC-2FFB-454A-B177-60D00EBDAD0D}.Release|Any CPU.Build.0 = Release|Any CPU
		{73EA3006-3332-45BE-A564-2736AB89E950}.Debug|Any CPU.ActiveCfg = Debug|Any CPU
		{73EA3006-3332-45BE-A564-2736AB89E950}.Debug|Any CPU.Build.0 = Debug|Any CPU
		{73EA3006-3332-45BE-A564-2736AB89E950}.Release|Any CPU.ActiveCfg = Release|Any CPU
		{73EA3006-3332-45BE-A564-2736AB89E950}.Release|Any CPU.Build.0 = Release|Any CPU
		{A87BEA35-8FB7-4AB5-8CD2-DBB5DAD2F357}.Debug|Any CPU.ActiveCfg = Debug|Any CPU
		{A87BEA35-8FB7-4AB5-8CD2-DBB5DAD2F357}.Debug|Any CPU.Build.0 = Debug|Any CPU
		{A87BEA35-8FB7-4AB5-8CD2-DBB5DAD2F357}.Release|Any CPU.ActiveCfg = Release|Any CPU
		{A87BEA35-8FB7-4AB5-8CD2-DBB5DAD2F357}.Release|Any CPU.Build.0 = Release|Any CPU
		{755BCA62-AF89-4CB1-B826-D13E1A297BA9}.Debug|Any CPU.ActiveCfg = Debug|Any CPU
		{755BCA62-AF89-4CB1-B826-D13E1A297BA9}.Debug|Any CPU.Build.0 = Debug|Any CPU
		{755BCA62-AF89-4CB1-B826-D13E1A297BA9}.Release|Any CPU.ActiveCfg = Release|Any CPU
		{755BCA62-AF89-4CB1-B826-D13E1A297BA9}.Release|Any CPU.Build.0 = Release|Any CPU
		{865C4832-39E2-468A-ADAB-912245A054D3}.Debug|Any CPU.ActiveCfg = Debug|Any CPU
		{865C4832-39E2-468A-ADAB-912245A054D3}.Debug|Any CPU.Build.0 = Debug|Any CPU
		{865C4832-39E2-468A-ADAB-912245A054D3}.Release|Any CPU.ActiveCfg = Release|Any CPU
		{865C4832-39E2-468A-ADAB-912245A054D3}.Release|Any CPU.Build.0 = Release|Any CPU
	EndGlobalSection
	GlobalSection(SolutionProperties) = preSolution
		HideSolutionNode = FALSE
	EndGlobalSection
	GlobalSection(ExtensibilityGlobals) = postSolution
		SolutionGuid = {47FD001E-D170-4E81-A880-42B7823376B7}
	EndGlobalSection
EndGlobal
